{
  "name": "random-figures",
  "version": "1.0.1",
  "lockfileVersion": 3,
  "requires": true,
  "packages": {
    "": {
      "name": "random-figures",
      "version": "1.0.1",
      "license": "ISC",
      "dependencies": {
        "random-figures": "^1.0.1"
      }
    },
    "node_modules/random-figures": {
      "version": "1.0.1",
      "resolved": "https://registry.npmjs.org/random-figures/-/random-figures-1.0.1.tgz",
      "integrity": "sha512-zLCu/sVNwGmFdygwieH4cok4XENpTpgTswoj94pLXIWnKmaBtfKHO3AfK19j49w9wgpxkaW5FpT/ceftk8bTww==",
      "dependencies": {
        "random-figures": "^1.0.0"
      }
    }
  }
}
